{
  "name": "@jolie/languageserver",
  "version": "1.1.6",
  "lockfileVersion": 3,
  "requires": true,
  "packages": {
    "": {
      "name": "@jolie/languageserver",
      "version": "1.1.6",
      "hasInstallScript": true,
      "license": "MIT",
      "bin": {
        "joliels": "launcher.ol"
      }
    }
  }
}
